
Microsoft Visual Studio Solution File, Format Version 12.00
# Visual Studio 2013
VisualStudioVersion = 12.0.21005.1
MinimumVisualStudioVersion = 10.0.40219.1
Project("{FAE04EC0-301F-11D3-BF4B-00C04F79EFBC}") = "01.OddOrEvenIntegers", "01.OddOrEvenIntegers\01.OddOrEvenIntegers.csproj", "{60B83B49-A690-407E-9638-ED5C454EF625}"
EndProject
Project("{FAE04EC0-301F-11D3-BF4B-00C04F79EFBC}") = "02.GravitationOnTheMoon", "02.GravitationOnTheMoon\02.GravitationOnTheMoon.csproj", "{C7A2B5C6-B9EE-4E4D-B774-CDAA15F4118F}"
EndProject
Project("{FAE04EC0-301F-11D3-BF4B-00C04F79EFBC}") = "03.DivideBySevenAndFive", "03.DivideBySevenAndFive\03.DivideBySevenAndFive.csproj", "{2B9D3B33-D21A-45C1-8EA3-08C754656219}"
EndProject
Project("{FAE04EC0-301F-11D3-BF4B-00C04F79EFBC}") = "04.Rectangles", "04.Rectangles\04.Rectangles.csproj", "{E57CECFE-4892-466F-9147-B1FBD7272059}"
EndProject
Project("{FAE04EC0-301F-11D3-BF4B-00C04F79EFBC}") = "05.IsTheThirdDigitSeven", "05.IsTheThirdDigitSeven\05.IsTheThirdDigitSeven.csproj", "{AF383A46-9D46-4341-BED5-D0873BB55341}"
EndProject
Project("{FAE04EC0-301F-11D3-BF4B-00C04F79EFBC}") = "06.FourDigitNumber", "06.FourDigitNumber\06.FourDigitNumber.csproj", "{17EE365A-54B6-43E8-B86F-993B325A7038}"
EndProject
Project("{FAE04EC0-301F-11D3-BF4B-00C04F79EFBC}") = "07.PointInCircle", "07.PointInCircle\07.PointInCircle.csproj", "{B4C1716B-54D4-4AA4-8E12-C50487988869}"
EndProject
Project("{FAE04EC0-301F-11D3-BF4B-00C04F79EFBC}") = "08.PrimeNumberCheck", "08.PrimeNumberCheck\08.PrimeNumberCheck.csproj", "{30743292-B7E8-40FF-89ED-964DB9885AE9}"
EndProject
Project("{FAE04EC0-301F-11D3-BF4B-00C04F79EFBC}") = "09.Trapezoids", "09.Trapezoids\09.Trapezoids.csproj", "{67C32530-0EA3-4400-BFE9-8E9DD32D76EE}"
EndProject
Project("{FAE04EC0-301F-11D3-BF4B-00C04F79EFBC}") = "10.PointInsideCircleAndOutsideRectangle", "10.PointInsideCircleAndOutsideRectangle\10.PointInsideCircleAndOutsideRectangle.csproj", "{B750F594-17CA-4576-B556-887B27E6DDBF}"
EndProject
Project("{FAE04EC0-301F-11D3-BF4B-00C04F79EFBC}") = "11.BitwiseExtraction", "11.BitwiseExtraction\11.BitwiseExtraction.csproj", "{610FA0C3-9405-4710-8243-F6C4D3C4B1EA}"
EndProject
Project("{FAE04EC0-301F-11D3-BF4B-00C04F79EFBC}") = "12.ExtractBitFromInteger", "12.ExtractBitFromInteger\12.ExtractBitFromInteger.csproj", "{ED9B722D-A9FC-4B66-8DF9-67AD5C5595F2}"
EndProject
Project("{FAE04EC0-301F-11D3-BF4B-00C04F79EFBC}") = "13.CheckBitAtGivenPosition", "13.CheckBitAtGivenPosition\13.CheckBitAtGivenPosition.csproj", "{BF77D4E1-973C-4AEA-A02B-A7C5111C7D4F}"
EndProject
Project("{FAE04EC0-301F-11D3-BF4B-00C04F79EFBC}") = "14.ModifyBitAtGivenPosition", "14.ModifyBitAtGivenPosition\14.ModifyBitAtGivenPosition.csproj", "{9FE7C589-206B-4A84-95A0-3B4E0855FCA4}"
EndProject
Global
	GlobalSection(SolutionConfigurationPlatforms) = preSolution
		Debug|Any CPU = Debug|Any CPU
		Release|Any CPU = Release|Any CPU
	EndGlobalSection
	GlobalSection(ProjectConfigurationPlatforms) = postSolution
		{60B83B49-A690-407E-9638-ED5C454EF625}.Debug|Any CPU.ActiveCfg = Debug|Any CPU
		{60B83B49-A690-407E-9638-ED5C454EF625}.Debug|Any CPU.Build.0 = Debug|Any CPU
		{60B83B49-A690-407E-9638-ED5C454EF625}.Release|Any CPU.ActiveCfg = Release|Any CPU
		{60B83B49-A690-407E-9638-ED5C454EF625}.Release|Any CPU.Build.0 = Release|Any CPU
		{C7A2B5C6-B9EE-4E4D-B774-CDAA15F4118F}.Debug|Any CPU.ActiveCfg = Debug|Any CPU
		{C7A2B5C6-B9EE-4E4D-B774-CDAA15F4118F}.Debug|Any CPU.Build.0 = Debug|Any CPU
		{C7A2B5C6-B9EE-4E4D-B774-CDAA15F4118F}.Release|Any CPU.ActiveCfg = Release|Any CPU
		{C7A2B5C6-B9EE-4E4D-B774-CDAA15F4118F}.Release|Any CPU.Build.0 = Release|Any CPU
		{2B9D3B33-D21A-45C1-8EA3-08C754656219}.Debug|Any CPU.ActiveCfg = Debug|Any CPU
		{2B9D3B33-D21A-45C1-8EA3-08C754656219}.Debug|Any CPU.Build.0 = Debug|Any CPU
		{2B9D3B33-D21A-45C1-8EA3-08C754656219}.Release|Any CPU.ActiveCfg = Release|Any CPU
		{2B9D3B33-D21A-45C1-8EA3-08C754656219}.Release|Any CPU.Build.0 = Release|Any CPU
		{E57CECFE-4892-466F-9147-B1FBD7272059}.Debug|Any CPU.ActiveCfg = Debug|Any CPU
		{E57CECFE-4892-466F-9147-B1FBD7272059}.Debug|Any CPU.Build.0 = Debug|Any CPU
		{E57CECFE-4892-466F-9147-B1FBD7272059}.Release|Any CPU.ActiveCfg = Release|Any CPU
		{E57CECFE-4892-466F-9147-B1FBD7272059}.Release|Any CPU.Build.0 = Release|Any CPU
		{AF383A46-9D46-4341-BED5-D0873BB55341}.Debug|Any CPU.ActiveCfg = Debug|Any CPU
		{AF383A46-9D46-4341-BED5-D0873BB55341}.Debug|Any CPU.Build.0 = Debug|Any CPU
		{AF383A46-9D46-4341-BED5-D0873BB55341}.Release|Any CPU.ActiveCfg = Release|Any CPU
		{AF383A46-9D46-4341-BED5-D0873BB55341}.Release|Any CPU.Build.0 = Release|Any CPU
		{17EE365A-54B6-43E8-B86F-993B325A7038}.Debug|Any CPU.ActiveCfg = Debug|Any CPU
		{17EE365A-54B6-43E8-B86F-993B325A7038}.Debug|Any CPU.Build.0 = Debug|Any CPU
		{17EE365A-54B6-43E8-B86F-993B325A7038}.Release|Any CPU.ActiveCfg = Release|Any CPU
		{17EE365A-54B6-43E8-B86F-993B325A7038}.Release|Any CPU.Build.0 = Release|Any CPU
		{B4C1716B-54D4-4AA4-8E12-C50487988869}.Debug|Any CPU.ActiveCfg = Debug|Any CPU
		{B4C1716B-54D4-4AA4-8E12-C50487988869}.Debug|Any CPU.Build.0 = Debug|Any CPU
		{B4C1716B-54D4-4AA4-8E12-C50487988869}.Release|Any CPU.ActiveCfg = Release|Any CPU
		{B4C1716B-54D4-4AA4-8E12-C50487988869}.Release|Any CPU.Build.0 = Release|Any CPU
		{30743292-B7E8-40FF-89ED-964DB9885AE9}.Debug|Any CPU.ActiveCfg = Debug|Any CPU
		{30743292-B7E8-40FF-89ED-964DB9885AE9}.Debug|Any CPU.Build.0 = Debug|Any CPU
		{30743292-B7E8-40FF-89ED-964DB9885AE9}.Release|Any CPU.ActiveCfg = Release|Any CPU
		{30743292-B7E8-40FF-89ED-964DB9885AE9}.Release|Any CPU.Build.0 = Release|Any CPU
		{67C32530-0EA3-4400-BFE9-8E9DD32D76EE}.Debug|Any CPU.ActiveCfg = Debug|Any CPU
		{67C32530-0EA3-4400-BFE9-8E9DD32D76EE}.Debug|Any CPU.Build.0 = Debug|Any CPU
		{67C32530-0EA3-4400-BFE9-8E9DD32D76EE}.Release|Any CPU.ActiveCfg = Release|Any CPU
		{67C32530-0EA3-4400-BFE9-8E9DD32D76EE}.Release|Any CPU.Build.0 = Release|Any CPU
		{B750F594-17CA-4576-B556-887B27E6DDBF}.Debug|Any CPU.ActiveCfg = Debug|Any CPU
		{B750F594-17CA-4576-B556-887B27E6DDBF}.Debug|Any CPU.Build.0 = Debug|Any CPU
		{B750F594-17CA-4576-B556-887B27E6DDBF}.Release|Any CPU.ActiveCfg = Release|Any CPU
		{B750F594-17CA-4576-B556-887B27E6DDBF}.Release|Any CPU.Build.0 = Release|Any CPU
		{610FA0C3-9405-4710-8243-F6C4D3C4B1EA}.Debug|Any CPU.ActiveCfg = Debug|Any CPU
		{610FA0C3-9405-4710-8243-F6C4D3C4B1EA}.Debug|Any CPU.Build.0 = Debug|Any CPU
		{610FA0C3-9405-4710-8243-F6C4D3C4B1EA}.Release|Any CPU.ActiveCfg = Release|Any CPU
		{610FA0C3-9405-4710-8243-F6C4D3C4B1EA}.Release|Any CPU.Build.0 = Release|Any CPU
		{ED9B722D-A9FC-4B66-8DF9-67AD5C5595F2}.Debug|Any CPU.ActiveCfg = Debug|Any CPU
		{ED9B722D-A9FC-4B66-8DF9-67AD5C5595F2}.Debug|Any CPU.Build.0 = Debug|Any CPU
		{ED9B722D-A9FC-4B66-8DF9-67AD5C5595F2}.Release|Any CPU.ActiveCfg = Release|Any CPU
		{ED9B722D-A9FC-4B66-8DF9-67AD5C5595F2}.Release|Any CPU.Build.0 = Release|Any CPU
		{BF77D4E1-973C-4AEA-A02B-A7C5111C7D4F}.Debug|Any CPU.ActiveCfg = Debug|Any CPU
		{BF77D4E1-973C-4AEA-A02B-A7C5111C7D4F}.Debug|Any CPU.Build.0 = Debug|Any CPU
		{BF77D4E1-973C-4AEA-A02B-A7C5111C7D4F}.Release|Any CPU.ActiveCfg = Release|Any CPU
		{BF77D4E1-973C-4AEA-A02B-A7C5111C7D4F}.Release|Any CPU.Build.0 = Release|Any CPU
		{9FE7C589-206B-4A84-95A0-3B4E0855FCA4}.Debug|Any CPU.ActiveCfg = Debug|Any CPU
		{9FE7C589-206B-4A84-95A0-3B4E0855FCA4}.Debug|Any CPU.Build.0 = Debug|Any CPU
		{9FE7C589-206B-4A84-95A0-3B4E0855FCA4}.Release|Any CPU.ActiveCfg = Release|Any CPU
		{9FE7C589-206B-4A84-95A0-3B4E0855FCA4}.Release|Any CPU.Build.0 = Release|Any CPU
	EndGlobalSection
	GlobalSection(SolutionProperties) = preSolution
		HideSolutionNode = FALSE
	EndGlobalSection
EndGlobal
